<?xml version="1.0" encoding="utf-8"?>
<Project ToolsVersion="4.0" xmlns="http://schemas.microsoft.com/developer/msbuild/2003">
  <ItemGroup>
    <Filter Include="Game">
      <UniqueIdentifier>{02ecd03a-6e1e-4128-b09a-daf40f703cda}</UniqueIdentifier>
    </Filter>
  </ItemGroup>
  <ItemGroup>
    <ClCompile Include="..\src\Game\game.cpp">
      <Filter>Game</Filter>
    </ClCompile>
    <ClCompile Include="..\src\Game\main.cpp">
      <Filter>Game</Filter>
    </ClCompile>
  </ItemGroup>
  <ItemGroup>
    <ClInclude Include="..\src\Game\game.h">
      <Filter>Game</Filter>
    </ClInclude>
  </ItemGroup>
</Project>